
Microsoft Visual Studio Solution File, Format Version 12.00
# Visual Studio Version 17
VisualStudioVersion = 17.4.33213.308
MinimumVisualStudioVersion = 10.0.40219.1
Project("{FAE04EC0-301F-11D3-BF4B-00C04F79EFBC}") = "R-ESTRUCTURA", "R-ESTRUCTURA\R-ESTRUCTURA.csproj", "{A63A7B4C-C1EB-485F-A4E8-26B682FFFF0E}"
EndProject
Global
	GlobalSection(SolutionConfigurationPlatforms) = preSolution
		Debug|Any CPU = Debug|Any CPU
		Release|Any CPU = Release|Any CPU
	EndGlobalSection
	GlobalSection(ProjectConfigurationPlatforms) = postSolution
		{A63A7B4C-C1EB-485F-A4E8-26B682FFFF0E}.Debug|Any CPU.ActiveCfg = Debug|Any CPU
		{A63A7B4C-C1EB-485F-A4E8-26B682FFFF0E}.Debug|Any CPU.Build.0 = Debug|Any CPU
		{A63A7B4C-C1EB-485F-A4E8-26B682FFFF0E}.Release|Any CPU.ActiveCfg = Release|Any CPU
		{A63A7B4C-C1EB-485F-A4E8-26B682FFFF0E}.Release|Any CPU.Build.0 = Release|Any CPU
	EndGlobalSection
	GlobalSection(SolutionProperties) = preSolution
		HideSolutionNode = FALSE
	EndGlobalSection
	GlobalSection(ExtensibilityGlobals) = postSolution
		SolutionGuid = {83479FCB-690E-4243-9583-62C9C8040314}
	EndGlobalSection
EndGlobal
